
Microsoft Visual Studio Solution File, Format Version 12.00
# Visual Studio Version 17
VisualStudioVersion = 17.0.31903.59
MinimumVisualStudioVersion = 10.0.40219.1
Project("{2150E333-8FDC-42A3-9474-1A3956D46DE8}") = "src", "src", "{827E0CD3-B72D-47B6-A68D-7590B98EB39B}"
EndProject
Project("{FAE04EC0-301F-11D3-BF4B-00C04F79EFBC}") = "CalculatorApp", "src\CalculatorApp\CalculatorApp.csproj", "{12478DE4-BD42-46C8-A07D-43497B091D35}"
EndProject
Project("{FAE04EC0-301F-11D3-BF4B-00C04F79EFBC}") = "TodoListApp", "src\TodoListApp\TodoListApp.csproj", "{9E16365D-AC0E-4930-8F8B-EDF1DE4DEC7A}"
EndProject
Project("{FAE04EC0-301F-11D3-BF4B-00C04F79EFBC}") = "NumberGuesser", "src\NumberGuesser\NumberGuesser.csproj", "{9176AF3E-C69F-4303-B772-C72C2F73F02C}"
EndProject
Project("{FAE04EC0-301F-11D3-BF4B-00C04F79EFBC}") = "ContactManager", "src\ContactManager\ContactManager.csproj", "{47DC61F8-D12B-4784-B639-C3B414AA9835}"
EndProject
Project("{FAE04EC0-301F-11D3-BF4B-00C04F79EFBC}") = "UnitConverter", "src\UnitConverter\UnitConverter.csproj", "{88D53526-C145-4FC9-9581-86B1D7EF5581}"
EndProject
Project("{FAE04EC0-301F-11D3-BF4B-00C04F79EFBC}") = "SimpleBanking", "src\SimpleBanking\SimpleBanking.csproj", "{6C16CF05-2A53-41D5-A128-5588E369A8D3}"
EndProject
Project("{FAE04EC0-301F-11D3-BF4B-00C04F79EFBC}") = "TextAnalyzer", "src\TextAnalyzer\TextAnalyzer.csproj", "{AD1EE17D-F06B-46B6-8C3A-99EAC6E276C8}"
EndProject
Project("{FAE04EC0-301F-11D3-BF4B-00C04F79EFBC}") = "QuizApp", "src\QuizApp\QuizApp.csproj", "{9A738F73-1F0C-46DB-B551-8BC6BBD1EF23}"
EndProject
Project("{FAE04EC0-301F-11D3-BF4B-00C04F79EFBC}") = "FileManager", "src\FileManager\FileManager.csproj", "{55C8E3A5-7E8A-422F-A48E-898E4D89E1E0}"
EndProject
Project("{FAE04EC0-301F-11D3-BF4B-00C04F79EFBC}") = "WeatherApp", "src\WeatherApp\WeatherApp.csproj", "{7CEDF9CB-1E09-43E1-9DBD-8001E9C89708}"
EndProject
Global
	GlobalSection(SolutionConfigurationPlatforms) = preSolution
		Debug|Any CPU = Debug|Any CPU
		Debug|x64 = Debug|x64
		Debug|x86 = Debug|x86
		Release|Any CPU = Release|Any CPU
		Release|x64 = Release|x64
		Release|x86 = Release|x86
	EndGlobalSection
	GlobalSection(ProjectConfigurationPlatforms) = postSolution
		{12478DE4-BD42-46C8-A07D-43497B091D35}.Debug|Any CPU.ActiveCfg = Debug|Any CPU
		{12478DE4-BD42-46C8-A07D-43497B091D35}.Debug|Any CPU.Build.0 = Debug|Any CPU
		{12478DE4-BD42-46C8-A07D-43497B091D35}.Debug|x64.ActiveCfg = Debug|Any CPU
		{12478DE4-BD42-46C8-A07D-43497B091D35}.Debug|x64.Build.0 = Debug|Any CPU
		{12478DE4-BD42-46C8-A07D-43497B091D35}.Debug|x86.ActiveCfg = Debug|Any CPU
		{12478DE4-BD42-46C8-A07D-43497B091D35}.Debug|x86.Build.0 = Debug|Any CPU
		{12478DE4-BD42-46C8-A07D-43497B091D35}.Release|Any CPU.ActiveCfg = Release|Any CPU
		{12478DE4-BD42-46C8-A07D-43497B091D35}.Release|Any CPU.Build.0 = Release|Any CPU
		{12478DE4-BD42-46C8-A07D-43497B091D35}.Release|x64.ActiveCfg = Release|Any CPU
		{12478DE4-BD42-46C8-A07D-43497B091D35}.Release|x64.Build.0 = Release|Any CPU
		{12478DE4-BD42-46C8-A07D-43497B091D35}.Release|x86.ActiveCfg = Release|Any CPU
		{12478DE4-BD42-46C8-A07D-43497B091D35}.Release|x86.Build.0 = Release|Any CPU
		{9E16365D-AC0E-4930-8F8B-EDF1DE4DEC7A}.Debug|Any CPU.ActiveCfg = Debug|Any CPU
		{9E16365D-AC0E-4930-8F8B-EDF1DE4DEC7A}.Debug|Any CPU.Build.0 = Debug|Any CPU
		{9E16365D-AC0E-4930-8F8B-EDF1DE4DEC7A}.Debug|x64.ActiveCfg = Debug|Any CPU
		{9E16365D-AC0E-4930-8F8B-EDF1DE4DEC7A}.Debug|x64.Build.0 = Debug|Any CPU
		{9E16365D-AC0E-4930-8F8B-EDF1DE4DEC7A}.Debug|x86.ActiveCfg = Debug|Any CPU
		{9E16365D-AC0E-4930-8F8B-EDF1DE4DEC7A}.Debug|x86.Build.0 = Debug|Any CPU
		{9E16365D-AC0E-4930-8F8B-EDF1DE4DEC7A}.Release|Any CPU.ActiveCfg = Release|Any CPU
		{9E16365D-AC0E-4930-8F8B-EDF1DE4DEC7A}.Release|Any CPU.Build.0 = Release|Any CPU
		{9E16365D-AC0E-4930-8F8B-EDF1DE4DEC7A}.Release|x64.ActiveCfg = Release|Any CPU
		{9E16365D-AC0E-4930-8F8B-EDF1DE4DEC7A}.Release|x64.Build.0 = Release|Any CPU
		{9E16365D-AC0E-4930-8F8B-EDF1DE4DEC7A}.Release|x86.ActiveCfg = Release|Any CPU
		{9E16365D-AC0E-4930-8F8B-EDF1DE4DEC7A}.Release|x86.Build.0 = Release|Any CPU
		{9176AF3E-C69F-4303-B772-C72C2F73F02C}.Debug|Any CPU.ActiveCfg = Debug|Any CPU
		{9176AF3E-C69F-4303-B772-C72C2F73F02C}.Debug|Any CPU.Build.0 = Debug|Any CPU
		{9176AF3E-C69F-4303-B772-C72C2F73F02C}.Debug|x64.ActiveCfg = Debug|Any CPU
		{9176AF3E-C69F-4303-B772-C72C2F73F02C}.Debug|x64.Build.0 = Debug|Any CPU
		{9176AF3E-C69F-4303-B772-C72C2F73F02C}.Debug|x86.ActiveCfg = Debug|Any CPU
		{9176AF3E-C69F-4303-B772-C72C2F73F02C}.Debug|x86.Build.0 = Debug|Any CPU
		{9176AF3E-C69F-4303-B772-C72C2F73F02C}.Release|Any CPU.ActiveCfg = Release|Any CPU
		{9176AF3E-C69F-4303-B772-C72C2F73F02C}.Release|Any CPU.Build.0 = Release|Any CPU
		{9176AF3E-C69F-4303-B772-C72C2F73F02C}.Release|x64.ActiveCfg = Release|Any CPU
		{9176AF3E-C69F-4303-B772-C72C2F73F02C}.Release|x64.Build.0 = Release|Any CPU
		{9176AF3E-C69F-4303-B772-C72C2F73F02C}.Release|x86.ActiveCfg = Release|Any CPU
		{9176AF3E-C69F-4303-B772-C72C2F73F02C}.Release|x86.Build.0 = Release|Any CPU
		{47DC61F8-D12B-4784-B639-C3B414AA9835}.Debug|Any CPU.ActiveCfg = Debug|Any CPU
		{47DC61F8-D12B-4784-B639-C3B414AA9835}.Debug|Any CPU.Build.0 = Debug|Any CPU
		{47DC61F8-D12B-4784-B639-C3B414AA9835}.Debug|x64.ActiveCfg = Debug|Any CPU
		{47DC61F8-D12B-4784-B639-C3B414AA9835}.Debug|x64.Build.0 = Debug|Any CPU
		{47DC61F8-D12B-4784-B639-C3B414AA9835}.Debug|x86.ActiveCfg = Debug|Any CPU
		{47DC61F8-D12B-4784-B639-C3B414AA9835}.Debug|x86.Build.0 = Debug|Any CPU
		{47DC61F8-D12B-4784-B639-C3B414AA9835}.Release|Any CPU.ActiveCfg = Release|Any CPU
		{47DC61F8-D12B-4784-B639-C3B414AA9835}.Release|Any CPU.Build.0 = Release|Any CPU
		{47DC61F8-D12B-4784-B639-C3B414AA9835}.Release|x64.ActiveCfg = Release|Any CPU
		{47DC61F8-D12B-4784-B639-C3B414AA9835}.Release|x64.Build.0 = Release|Any CPU
		{47DC61F8-D12B-4784-B639-C3B414AA9835}.Release|x86.ActiveCfg = Release|Any CPU
		{47DC61F8-D12B-4784-B639-C3B414AA9835}.Release|x86.Build.0 = Release|Any CPU
		{88D53526-C145-4FC9-9581-86B1D7EF5581}.Debug|Any CPU.ActiveCfg = Debug|Any CPU
		{88D53526-C145-4FC9-9581-86B1D7EF5581}.Debug|Any CPU.Build.0 = Debug|Any CPU
		{88D53526-C145-4FC9-9581-86B1D7EF5581}.Debug|x64.ActiveCfg = Debug|Any CPU
		{88D53526-C145-4FC9-9581-86B1D7EF5581}.Debug|x64.Build.0 = Debug|Any CPU
		{88D53526-C145-4FC9-9581-86B1D7EF5581}.Debug|x86.ActiveCfg = Debug|Any CPU
		{88D53526-C145-4FC9-9581-86B1D7EF5581}.Debug|x86.Build.0 = Debug|Any CPU
		{88D53526-C145-4FC9-9581-86B1D7EF5581}.Release|Any CPU.ActiveCfg = Release|Any CPU
		{88D53526-C145-4FC9-9581-86B1D7EF5581}.Release|Any CPU.Build.0 = Release|Any CPU
		{88D53526-C145-4FC9-9581-86B1D7EF5581}.Release|x64.ActiveCfg = Release|Any CPU
		{88D53526-C145-4FC9-9581-86B1D7EF5581}.Release|x64.Build.0 = Release|Any CPU
		{88D53526-C145-4FC9-9581-86B1D7EF5581}.Release|x86.ActiveCfg = Release|Any CPU
		{88D53526-C145-4FC9-9581-86B1D7EF5581}.Release|x86.Build.0 = Release|Any CPU
		{6C16CF05-2A53-41D5-A128-5588E369A8D3}.Debug|Any CPU.ActiveCfg = Debug|Any CPU
		{6C16CF05-2A53-41D5-A128-5588E369A8D3}.Debug|Any CPU.Build.0 = Debug|Any CPU
		{6C16CF05-2A53-41D5-A128-5588E369A8D3}.Debug|x64.ActiveCfg = Debug|Any CPU
		{6C16CF05-2A53-41D5-A128-5588E369A8D3}.Debug|x64.Build.0 = Debug|Any CPU
		{6C16CF05-2A53-41D5-A128-5588E369A8D3}.Debug|x86.ActiveCfg = Debug|Any CPU
		{6C16CF05-2A53-41D5-A128-5588E369A8D3}.Debug|x86.Build.0 = Debug|Any CPU
		{6C16CF05-2A53-41D5-A128-5588E369A8D3}.Release|Any CPU.ActiveCfg = Release|Any CPU
		{6C16CF05-2A53-41D5-A128-5588E369A8D3}.Release|Any CPU.Build.0 = Release|Any CPU
		{6C16CF05-2A53-41D5-A128-5588E369A8D3}.Release|x64.ActiveCfg = Release|Any CPU
		{6C16CF05-2A53-41D5-A128-5588E369A8D3}.Release|x64.Build.0 = Release|Any CPU
		{6C16CF05-2A53-41D5-A128-5588E369A8D3}.Release|x86.ActiveCfg = Release|Any CPU
		{6C16CF05-2A53-41D5-A128-5588E369A8D3}.Release|x86.Build.0 = Release|Any CPU
		{AD1EE17D-F06B-46B6-8C3A-99EAC6E276C8}.Debug|Any CPU.ActiveCfg = Debug|Any CPU
		{AD1EE17D-F06B-46B6-8C3A-99EAC6E276C8}.Debug|Any CPU.Build.0 = Debug|Any CPU
		{AD1EE17D-F06B-46B6-8C3A-99EAC6E276C8}.Debug|x64.ActiveCfg = Debug|Any CPU
		{AD1EE17D-F06B-46B6-8C3A-99EAC6E276C8}.Debug|x64.Build.0 = Debug|Any CPU
		{AD1EE17D-F06B-46B6-8C3A-99EAC6E276C8}.Debug|x86.ActiveCfg = Debug|Any CPU
		{AD1EE17D-F06B-46B6-8C3A-99EAC6E276C8}.Debug|x86.Build.0 = Debug|Any CPU
		{AD1EE17D-F06B-46B6-8C3A-99EAC6E276C8}.Release|Any CPU.ActiveCfg = Release|Any CPU
		{AD1EE17D-F06B-46B6-8C3A-99EAC6E276C8}.Release|Any CPU.Build.0 = Release|Any CPU
		{AD1EE17D-F06B-46B6-8C3A-99EAC6E276C8}.Release|x64.ActiveCfg = Release|Any CPU
		{AD1EE17D-F06B-46B6-8C3A-99EAC6E276C8}.Release|x64.Build.0 = Release|Any CPU
		{AD1EE17D-F06B-46B6-8C3A-99EAC6E276C8}.Release|x86.ActiveCfg = Release|Any CPU
		{AD1EE17D-F06B-46B6-8C3A-99EAC6E276C8}.Release|x86.Build.0 = Release|Any CPU
		{9A738F73-1F0C-46DB-B551-8BC6BBD1EF23}.Debug|Any CPU.ActiveCfg = Debug|Any CPU
		{9A738F73-1F0C-46DB-B551-8BC6BBD1EF23}.Debug|Any CPU.Build.0 = Debug|Any CPU
		{9A738F73-1F0C-46DB-B551-8BC6BBD1EF23}.Debug|x64.ActiveCfg = Debug|Any CPU
		{9A738F73-1F0C-46DB-B551-8BC6BBD1EF23}.Debug|x64.Build.0 = Debug|Any CPU
		{9A738F73-1F0C-46DB-B551-8BC6BBD1EF23}.Debug|x86.ActiveCfg = Debug|Any CPU
		{9A738F73-1F0C-46DB-B551-8BC6BBD1EF23}.Debug|x86.Build.0 = Debug|Any CPU
		{9A738F73-1F0C-46DB-B551-8BC6BBD1EF23}.Release|Any CPU.ActiveCfg = Release|Any CPU
		{9A738F73-1F0C-46DB-B551-8BC6BBD1EF23}.Release|Any CPU.Build.0 = Release|Any CPU
		{9A738F73-1F0C-46DB-B551-8BC6BBD1EF23}.Release|x64.ActiveCfg = Release|Any CPU
		{9A738F73-1F0C-46DB-B551-8BC6BBD1EF23}.Release|x64.Build.0 = Release|Any CPU
		{9A738F73-1F0C-46DB-B551-8BC6BBD1EF23}.Release|x86.ActiveCfg = Release|Any CPU
		{9A738F73-1F0C-46DB-B551-8BC6BBD1EF23}.Release|x86.Build.0 = Release|Any CPU
		{55C8E3A5-7E8A-422F-A48E-898E4D89E1E0}.Debug|Any CPU.ActiveCfg = Debug|Any CPU
		{55C8E3A5-7E8A-422F-A48E-898E4D89E1E0}.Debug|Any CPU.Build.0 = Debug|Any CPU
		{55C8E3A5-7E8A-422F-A48E-898E4D89E1E0}.Debug|x64.ActiveCfg = Debug|Any CPU
		{55C8E3A5-7E8A-422F-A48E-898E4D89E1E0}.Debug|x64.Build.0 = Debug|Any CPU
		{55C8E3A5-7E8A-422F-A48E-898E4D89E1E0}.Debug|x86.ActiveCfg = Debug|Any CPU
		{55C8E3A5-7E8A-422F-A48E-898E4D89E1E0}.Debug|x86.Build.0 = Debug|Any CPU
		{55C8E3A5-7E8A-422F-A48E-898E4D89E1E0}.Release|Any CPU.ActiveCfg = Release|Any CPU
		{55C8E3A5-7E8A-422F-A48E-898E4D89E1E0}.Release|Any CPU.Build.0 = Release|Any CPU
		{55C8E3A5-7E8A-422F-A48E-898E4D89E1E0}.Release|x64.ActiveCfg = Release|Any CPU
		{55C8E3A5-7E8A-422F-A48E-898E4D89E1E0}.Release|x64.Build.0 = Release|Any CPU
		{55C8E3A5-7E8A-422F-A48E-898E4D89E1E0}.Release|x86.ActiveCfg = Release|Any CPU
		{55C8E3A5-7E8A-422F-A48E-898E4D89E1E0}.Release|x86.Build.0 = Release|Any CPU
		{7CEDF9CB-1E09-43E1-9DBD-8001E9C89708}.Debug|Any CPU.ActiveCfg = Debug|Any CPU
		{7CEDF9CB-1E09-43E1-9DBD-8001E9C89708}.Debug|Any CPU.Build.0 = Debug|Any CPU
		{7CEDF9CB-1E09-43E1-9DBD-8001E9C89708}.Debug|x64.ActiveCfg = Debug|Any CPU
		{7CEDF9CB-1E09-43E1-9DBD-8001E9C89708}.Debug|x64.Build.0 = Debug|Any CPU
		{7CEDF9CB-1E09-43E1-9DBD-8001E9C89708}.Debug|x86.ActiveCfg = Debug|Any CPU
		{7CEDF9CB-1E09-43E1-9DBD-8001E9C89708}.Debug|x86.Build.0 = Debug|Any CPU
		{7CEDF9CB-1E09-43E1-9DBD-8001E9C89708}.Release|Any CPU.ActiveCfg = Release|Any CPU
		{7CEDF9CB-1E09-43E1-9DBD-8001E9C89708}.Release|Any CPU.Build.0 = Release|Any CPU
		{7CEDF9CB-1E09-43E1-9DBD-8001E9C89708}.Release|x64.ActiveCfg = Release|Any CPU
		{7CEDF9CB-1E09-43E1-9DBD-8001E9C89708}.Release|x64.Build.0 = Release|Any CPU
		{7CEDF9CB-1E09-43E1-9DBD-8001E9C89708}.Release|x86.ActiveCfg = Release|Any CPU
		{7CEDF9CB-1E09-43E1-9DBD-8001E9C89708}.Release|x86.Build.0 = Release|Any CPU
	EndGlobalSection
	GlobalSection(SolutionProperties) = preSolution
		HideSolutionNode = FALSE
	EndGlobalSection
	GlobalSection(NestedProjects) = preSolution
		{12478DE4-BD42-46C8-A07D-43497B091D35} = {827E0CD3-B72D-47B6-A68D-7590B98EB39B}
		{9E16365D-AC0E-4930-8F8B-EDF1DE4DEC7A} = {827E0CD3-B72D-47B6-A68D-7590B98EB39B}
		{9176AF3E-C69F-4303-B772-C72C2F73F02C} = {827E0CD3-B72D-47B6-A68D-7590B98EB39B}
		{47DC61F8-D12B-4784-B639-C3B414AA9835} = {827E0CD3-B72D-47B6-A68D-7590B98EB39B}
		{88D53526-C145-4FC9-9581-86B1D7EF5581} = {827E0CD3-B72D-47B6-A68D-7590B98EB39B}
		{6C16CF05-2A53-41D5-A128-5588E369A8D3} = {827E0CD3-B72D-47B6-A68D-7590B98EB39B}
		{AD1EE17D-F06B-46B6-8C3A-99EAC6E276C8} = {827E0CD3-B72D-47B6-A68D-7590B98EB39B}
		{9A738F73-1F0C-46DB-B551-8BC6BBD1EF23} = {827E0CD3-B72D-47B6-A68D-7590B98EB39B}
		{55C8E3A5-7E8A-422F-A48E-898E4D89E1E0} = {827E0CD3-B72D-47B6-A68D-7590B98EB39B}
		{7CEDF9CB-1E09-43E1-9DBD-8001E9C89708} = {827E0CD3-B72D-47B6-A68D-7590B98EB39B}
	EndGlobalSection
EndGlobal
